// !$*UTF8*$!
{
	archiveVersion = 1;
	classes = {
	};
	objectVersion = 52;
	objects = {

/* Begin PBXBuildFile section */
		6106CB7B26F16F5400A041A5 /* Moya in Frameworks */ = {isa = PBXBuildFile; productRef = 6106CB7A26F16F5400A041A5 /* Moya */; };
		6106CB8126F16FF100A041A5 /* FirebaseAnalytics in Frameworks */ = {isa = PBXBuildFile; productRef = 6106CB8026F16FF100A041A5 /* FirebaseAnalytics */; };
		610E472626F76FC900F51C38 /* Composer.swift in Sources */ = {isa = PBXBuildFile; fileRef = 610E472526F76FC900F51C38 /* Composer.swift */; };
		613349B226F7496F005C98F0 /* Modules in Frameworks */ = {isa = PBXBuildFile; productRef = 613349B126F7496F005C98F0 /* Modules */; };
		613349B426F7556A005C98F0 /* PaywallTrackingService+FirebaseAnalytics.swift in Sources */ = {isa = PBXBuildFile; fileRef = 613349B326F7556A005C98F0 /* PaywallTrackingService+FirebaseAnalytics.swift */; };
		61FC74D825E3CB70001E5B6F /* Assets.xcassets in Resources */ = {isa = PBXBuildFile; fileRef = 61FC74D725E3CB70001E5B6F /* Assets.xcassets */; };
		61FC74DB25E3CB70001E5B6F /* Preview Assets.xcassets in Resources */ = {isa = PBXBuildFile; fileRef = 61FC74DA25E3CB70001E5B6F /* Preview Assets.xcassets */; };
		61FC74FD25E3CB8D001E5B6F /* RootView.swift in Sources */ = {isa = PBXBuildFile; fileRef = 61FC74F125E3CB8D001E5B6F /* RootView.swift */; };
		61FC74FE25E3CB8D001E5B6F /* WorkoutsApp.swift in Sources */ = {isa = PBXBuildFile; fileRef = 61FC74F225E3CB8D001E5B6F /* WorkoutsApp.swift */; };
		61FC750C25E3CCF6001E5B6F /* WorkoutsService+Live.swift in Sources */ = {isa = PBXBuildFile; fileRef = 61FC750B25E3CCF6001E5B6F /* WorkoutsService+Live.swift */; };
/* End PBXBuildFile section */

/* Begin PBXFileReference section */
		610E472526F76FC900F51C38 /* Composer.swift */ = {isa = PBXFileReference; lastKnownFileType = sourcecode.swift; path = Composer.swift; sourceTree = "<group>"; };
		613349B026F74935005C98F0 /* Modules */ = {isa = PBXFileReference; lastKnownFileType = folder; path = Modules; sourceTree = "<group>"; };
		613349B326F7556A005C98F0 /* PaywallTrackingService+FirebaseAnalytics.swift */ = {isa = PBXFileReference; lastKnownFileType = sourcecode.swift; path = "PaywallTrackingService+FirebaseAnalytics.swift"; sourceTree = "<group>"; };
		61FC74D025E3CB6E001E5B6F /* Workouts.app */ = {isa = PBXFileReference; explicitFileType = wrapper.application; includeInIndex = 0; path = Workouts.app; sourceTree = BUILT_PRODUCTS_DIR; };
		61FC74D725E3CB70001E5B6F /* Assets.xcassets */ = {isa = PBXFileReference; lastKnownFileType = folder.assetcatalog; path = Assets.xcassets; sourceTree = "<group>"; };
		61FC74DA25E3CB70001E5B6F /* Preview Assets.xcassets */ = {isa = PBXFileReference; lastKnownFileType = folder.assetcatalog; path = "Preview Assets.xcassets"; sourceTree = "<group>"; };
		61FC74DC25E3CB70001E5B6F /* Info.plist */ = {isa = PBXFileReference; lastKnownFileType = text.plist.xml; path = Info.plist; sourceTree = "<group>"; };
		61FC74F125E3CB8D001E5B6F /* RootView.swift */ = {isa = PBXFileReference; fileEncoding = 4; lastKnownFileType = sourcecode.swift; path = RootView.swift; sourceTree = "<group>"; };
		61FC74F225E3CB8D001E5B6F /* WorkoutsApp.swift */ = {isa = PBXFileReference; fileEncoding = 4; lastKnownFileType = sourcecode.swift; path = WorkoutsApp.swift; sourceTree = "<group>"; };
		61FC750B25E3CCF6001E5B6F /* WorkoutsService+Live.swift */ = {isa = PBXFileReference; lastKnownFileType = sourcecode.swift; path = "WorkoutsService+Live.swift"; sourceTree = "<group>"; };
/* End PBXFileReference section */

/* Begin PBXFrameworksBuildPhase section */
		61FC74CD25E3CB6E001E5B6F /* Frameworks */ = {
			isa = PBXFrameworksBuildPhase;
			buildActionMask = 2147483647;
			files = (
				613349B226F7496F005C98F0 /* Modules in Frameworks */,
				6106CB7B26F16F5400A041A5 /* Moya in Frameworks */,
				6106CB8126F16FF100A041A5 /* FirebaseAnalytics in Frameworks */,
			);
			runOnlyForDeploymentPostprocessing = 0;
		};
/* End PBXFrameworksBuildPhase section */

/* Begin PBXGroup section */
		613349B526F7596F005C98F0 /* Integrations */ = {
			isa = PBXGroup;
			children = (
				61FC750B25E3CCF6001E5B6F /* WorkoutsService+Live.swift */,
				613349B326F7556A005C98F0 /* PaywallTrackingService+FirebaseAnalytics.swift */,
			);
			path = Integrations;
			sourceTree = "<group>";
		};
		61FC74C725E3CB6E001E5B6F = {
			isa = PBXGroup;
			children = (
				613349B026F74935005C98F0 /* Modules */,
				61FC74D225E3CB6E001E5B6F /* Workouts */,
				61FC74D125E3CB6E001E5B6F /* Products */,
				61FC750425E3CC31001E5B6F /* Frameworks */,
			);
			sourceTree = "<group>";
		};
		61FC74D125E3CB6E001E5B6F /* Products */ = {
			isa = PBXGroup;
			children = (
				61FC74D025E3CB6E001E5B6F /* Workouts.app */,
			);
			name = Products;
			sourceTree = "<group>";
		};
		61FC74D225E3CB6E001E5B6F /* Workouts */ = {
			isa = PBXGroup;
			children = (
				613349B526F7596F005C98F0 /* Integrations */,
				61FC74F025E3CB8D001E5B6F /* Root */,
				61FC74D725E3CB70001E5B6F /* Assets.xcassets */,
				61FC74DC25E3CB70001E5B6F /* Info.plist */,
				61FC74D925E3CB70001E5B6F /* Preview Content */,
			);
			path = Workouts;
			sourceTree = "<group>";
		};
		61FC74D925E3CB70001E5B6F /* Preview Content */ = {
			isa = PBXGroup;
			children = (
				61FC74DA25E3CB70001E5B6F /* Preview Assets.xcassets */,
			);
			path = "Preview Content";
			sourceTree = "<group>";
		};
		61FC74F025E3CB8D001E5B6F /* Root */ = {
			isa = PBXGroup;
			children = (
				61FC74F125E3CB8D001E5B6F /* RootView.swift */,
				61FC74F225E3CB8D001E5B6F /* WorkoutsApp.swift */,
				610E472526F76FC900F51C38 /* Composer.swift */,
			);
			path = Root;
			sourceTree = "<group>";
		};
		61FC750425E3CC31001E5B6F /* Frameworks */ = {
			isa = PBXGroup;
			children = (
			);
			name = Frameworks;
			sourceTree = "<group>";
		};
/* End PBXGroup section */

/* Begin PBXNativeTarget section */
		61FC74CF25E3CB6E001E5B6F /* Workouts */ = {
			isa = PBXNativeTarget;
			buildConfigurationList = 61FC74DF25E3CB70001E5B6F /* Build configuration list for PBXNativeTarget "Workouts" */;
			buildPhases = (
				61FC74CC25E3CB6E001E5B6F /* Sources */,
				61FC74CD25E3CB6E001E5B6F /* Frameworks */,
				61FC74CE25E3CB6E001E5B6F /* Resources */,
			);
			buildRules = (
			);
			dependencies = (
			);
			name = Workouts;
			packageProductDependencies = (
				6106CB7A26F16F5400A041A5 /* Moya */,
				6106CB8026F16FF100A041A5 /* FirebaseAnalytics */,
				613349B126F7496F005C98F0 /* Modules */,
			);
			productName = Workouts;
			productReference = 61FC74D025E3CB6E001E5B6F /* Workouts.app */;
			productType = "com.apple.product-type.application";
		};
/* End PBXNativeTarget section */

/* Begin PBXProject section */
		61FC74C825E3CB6E001E5B6F /* Project object */ = {
			isa = PBXProject;
			attributes = {
				LastSwiftUpdateCheck = 1230;
				LastUpgradeCheck = 1230;
				TargetAttributes = {
					61FC74CF25E3CB6E001E5B6F = {
						CreatedOnToolsVersion = 12.3;
					};
				};
			};
			buildConfigurationList = 61FC74CB25E3CB6E001E5B6F /* Build configuration list for PBXProject "Workouts" */;
			compatibilityVersion = "Xcode 9.3";
			developmentRegion = en;
			hasScannedForEncodings = 0;
			knownRegions = (
				en,
				Base,
			);
			mainGroup = 61FC74C725E3CB6E001E5B6F;
			packageReferences = (
				6106CB7926F16F5400A041A5 /* XCRemoteSwiftPackageReference "Moya" */,
				6106CB7F26F16FF100A041A5 /* XCRemoteSwiftPackageReference "firebase-ios-sdk" */,
			);
			productRefGroup = 61FC74D125E3CB6E001E5B6F /* Products */;
			projectDirPath = "";
			projectRoot = "";
			targets = (
				61FC74CF25E3CB6E001E5B6F /* Workouts */,
			);
		};
/* End PBXProject section */

/* Begin PBXResourcesBuildPhase section */
		61FC74CE25E3CB6E001E5B6F /* Resources */ = {
			isa = PBXResourcesBuildPhase;
			buildActionMask = 2147483647;
			files = (
				61FC74DB25E3CB70001E5B6F /* Preview Assets.xcassets in Resources */,
				61FC74D825E3CB70001E5B6F /* Assets.xcassets in Resources */,
			);
			runOnlyForDeploymentPostprocessing = 0;
		};
/* End PBXResourcesBuildPhase section */

/* Begin PBXSourcesBuildPhase section */
		61FC74CC25E3CB6E001E5B6F /* Sources */ = {
			isa = PBXSourcesBuildPhase;
			buildActionMask = 2147483647;
			files = (
				610E472626F76FC900F51C38 /* Composer.swift in Sources */,
				61FC750C25E3CCF6001E5B6F /* WorkoutsService+Live.swift in Sources */,
				61FC74FD25E3CB8D001E5B6F /* RootView.swift in Sources */,
				613349B426F7556A005C98F0 /* PaywallTrackingService+FirebaseAnalytics.swift in Sources */,
				61FC74FE25E3CB8D001E5B6F /* WorkoutsApp.swift in Sources */,
			);
			runOnlyForDeploymentPostprocessing = 0;
		};
/* End PBXSourcesBuildPhase section */

/* Begin XCBuildConfiguration section */
		61FC74DD25E3CB70001E5B6F /* Debug */ = {
			isa = XCBuildConfiguration;
			buildSettings = {
				ALWAYS_SEARCH_USER_PATHS = NO;
				CLANG_ANALYZER_NONNULL = YES;
				CLANG_ANALYZER_NUMBER_OBJECT_CONVERSION = YES_AGGRESSIVE;
				CLANG_CXX_LANGUAGE_STANDARD = "gnu++14";
				CLANG_CXX_LIBRARY = "libc++";
				CLANG_ENABLE_MODULES = YES;
				CLANG_ENABLE_OBJC_ARC = YES;
				CLANG_ENABLE_OBJC_WEAK = YES;
				CLANG_WARN_BLOCK_CAPTURE_AUTORELEASING = YES;
				CLANG_WARN_BOOL_CONVERSION = YES;
				CLANG_WARN_COMMA = YES;
				CLANG_WARN_CONSTANT_CONVERSION = YES;
				CLANG_WARN_DEPRECATED_OBJC_IMPLEMENTATIONS = YES;
				CLANG_WARN_DIRECT_OBJC_ISA_USAGE = YES_ERROR;
				CLANG_WARN_DOCUMENTATION_COMMENTS = YES;
				CLANG_WARN_EMPTY_BODY = YES;
				CLANG_WARN_ENUM_CONVERSION = YES;
				CLANG_WARN_INFINITE_RECURSION = YES;
				CLANG_WARN_INT_CONVERSION = YES;
				CLANG_WARN_NON_LITERAL_NULL_CONVERSION = YES;
				CLANG_WARN_OBJC_IMPLICIT_RETAIN_SELF = YES;
				CLANG_WARN_OBJC_LITERAL_CONVERSION = YES;
				CLANG_WARN_OBJC_ROOT_CLASS = YES_ERROR;
				CLANG_WARN_QUOTED_INCLUDE_IN_FRAMEWORK_HEADER = YES;
				CLANG_WARN_RANGE_LOOP_ANALYSIS = YES;
				CLANG_WARN_STRICT_PROTOTYPES = YES;
				CLANG_WARN_SUSPICIOUS_MOVE = YES;
				CLANG_WARN_UNGUARDED_AVAILABILITY = YES_AGGRESSIVE;
				CLANG_WARN_UNREACHABLE_CODE = YES;
				CLANG_WARN__DUPLICATE_METHOD_MATCH = YES;
				COPY_PHASE_STRIP = NO;
				DEBUG_INFORMATION_FORMAT = dwarf;
				ENABLE_STRICT_OBJC_MSGSEND = YES;
				ENABLE_TESTABILITY = YES;
				GCC_C_LANGUAGE_STANDARD = gnu11;
				GCC_DYNAMIC_NO_PIC = NO;
				GCC_NO_COMMON_BLOCKS = YES;
				GCC_OPTIMIZATION_LEVEL = 0;
				GCC_PREPROCESSOR_DEFINITIONS = (
					"DEBUG=1",
					"$(inherited)",
				);
				GCC_WARN_64_TO_32_BIT_CONVERSION = YES;
				GCC_WARN_ABOUT_RETURN_TYPE = YES_ERROR;
				GCC_WARN_UNDECLARED_SELECTOR = YES;
				GCC_WARN_UNINITIALIZED_AUTOS = YES_AGGRESSIVE;
				GCC_WARN_UNUSED_FUNCTION = YES;
				GCC_WARN_UNUSED_VARIABLE = YES;
				IPHONEOS_DEPLOYMENT_TARGET = 14.3;
				MTL_ENABLE_DEBUG_INFO = INCLUDE_SOURCE;
				MTL_FAST_MATH = YES;
				ONLY_ACTIVE_ARCH = YES;
				SDKROOT = iphoneos;
				SWIFT_ACTIVE_COMPILATION_CONDITIONS = DEBUG;
				SWIFT_OPTIMIZATION_LEVEL = "-Onone";
			};
			name = Debug;
		};
		61FC74DE25E3CB70001E5B6F /* Release */ = {
			isa = XCBuildConfiguration;
			buildSettings = {
				ALWAYS_SEARCH_USER_PATHS = NO;
				CLANG_ANALYZER_NONNULL = YES;
				CLANG_ANALYZER_NUMBER_OBJECT_CONVERSION = YES_AGGRESSIVE;
				CLANG_CXX_LANGUAGE_STANDARD = "gnu++14";
				CLANG_CXX_LIBRARY = "libc++";
				CLANG_ENABLE_MODULES = YES;
				CLANG_ENABLE_OBJC_ARC = YES;
				CLANG_ENABLE_OBJC_WEAK = YES;
				CLANG_WARN_BLOCK_CAPTURE_AUTORELEASING = YES;
				CLANG_WARN_BOOL_CONVERSION = YES;
				CLANG_WARN_COMMA = YES;
				CLANG_WARN_CONSTANT_CONVERSION = YES;
				CLANG_WARN_DEPRECATED_OBJC_IMPLEMENTATIONS = YES;
				CLANG_WARN_DIRECT_OBJC_ISA_USAGE = YES_ERROR;
				CLANG_WARN_DOCUMENTATION_COMMENTS = YES;
				CLANG_WARN_EMPTY_BODY = YES;
				CLANG_WARN_ENUM_CONVERSION = YES;
				CLANG_WARN_INFINITE_RECURSION = YES;
				CLANG_WARN_INT_CONVERSION = YES;
				CLANG_WARN_NON_LITERAL_NULL_CONVERSION = YES;
				CLANG_WARN_OBJC_IMPLICIT_RETAIN_SELF = YES;
				CLANG_WARN_OBJC_LITERAL_CONVERSION = YES;
				CLANG_WARN_OBJC_ROOT_CLASS = YES_ERROR;
				CLANG_WARN_QUOTED_INCLUDE_IN_FRAMEWORK_HEADER = YES;
				CLANG_WARN_RANGE_LOOP_ANALYSIS = YES;
				CLANG_WARN_STRICT_PROTOTYPES = YES;
				CLANG_WARN_SUSPICIOUS_MOVE = YES;
				CLANG_WARN_UNGUARDED_AVAILABILITY = YES_AGGRESSIVE;
				CLANG_WARN_UNREACHABLE_CODE = YES;
				CLANG_WARN__DUPLICATE_METHOD_MATCH = YES;
				COPY_PHASE_STRIP = NO;
				DEBUG_INFORMATION_FORMAT = "dwarf-with-dsym";
				ENABLE_NS_ASSERTIONS = NO;
				ENABLE_STRICT_OBJC_MSGSEND = YES;
				GCC_C_LANGUAGE_STANDARD = gnu11;
				GCC_NO_COMMON_BLOCKS = YES;
				GCC_WARN_64_TO_32_BIT_CONVERSION = YES;
				GCC_WARN_ABOUT_RETURN_TYPE = YES_ERROR;
				GCC_WARN_UNDECLARED_SELECTOR = YES;
				GCC_WARN_UNINITIALIZED_AUTOS = YES_AGGRESSIVE;
				GCC_WARN_UNUSED_FUNCTION = YES;
				GCC_WARN_UNUSED_VARIABLE = YES;
				IPHONEOS_DEPLOYMENT_TARGET = 14.3;
				MTL_ENABLE_DEBUG_INFO = NO;
				MTL_FAST_MATH = YES;
				SDKROOT = iphoneos;
				SWIFT_COMPILATION_MODE = wholemodule;
				SWIFT_OPTIMIZATION_LEVEL = "-O";
				VALIDATE_PRODUCT = YES;
			};
			name = Release;
		};
		61FC74E025E3CB70001E5B6F /* Debug */ = {
			isa = XCBuildConfiguration;
			buildSettings = {
				ASSETCATALOG_COMPILER_APPICON_NAME = AppIcon;
				ASSETCATALOG_COMPILER_GLOBAL_ACCENT_COLOR_NAME = AccentColor;
				CODE_SIGN_STYLE = Automatic;
				DEVELOPMENT_ASSET_PATHS = "\"Workouts/Preview Content\"";
				DEVELOPMENT_TEAM = 7463GHQCGZ;
				ENABLE_PREVIEWS = YES;
				INFOPLIST_FILE = Workouts/Info.plist;
				IPHONEOS_DEPLOYMENT_TARGET = 14.0;
				LD_RUNPATH_SEARCH_PATHS = (
					"$(inherited)",
					"@executable_path/Frameworks",
				);
				PRODUCT_BUNDLE_IDENTIFIER = dev.codemus.Workouts;
				PRODUCT_NAME = "$(TARGET_NAME)";
				SWIFT_VERSION = 5.0;
				TARGETED_DEVICE_FAMILY = "1,2";
			};
			name = Debug;
		};
		61FC74E125E3CB70001E5B6F /* Release */ = {
			isa = XCBuildConfiguration;
			buildSettings = {
				ASSETCATALOG_COMPILER_APPICON_NAME = AppIcon;
				ASSETCATALOG_COMPILER_GLOBAL_ACCENT_COLOR_NAME = AccentColor;
				CODE_SIGN_STYLE = Automatic;
				DEVELOPMENT_ASSET_PATHS = "\"Workouts/Preview Content\"";
				DEVELOPMENT_TEAM = 7463GHQCGZ;
				ENABLE_PREVIEWS = YES;
				INFOPLIST_FILE = Workouts/Info.plist;
				IPHONEOS_DEPLOYMENT_TARGET = 14.0;
				LD_RUNPATH_SEARCH_PATHS = (
					"$(inherited)",
					"@executable_path/Frameworks",
				);
				PRODUCT_BUNDLE_IDENTIFIER = dev.codemus.Workouts;
				PRODUCT_NAME = "$(TARGET_NAME)";
				SWIFT_VERSION = 5.0;
				TARGETED_DEVICE_FAMILY = "1,2";
			};
			name = Release;
		};
/* End XCBuildConfiguration section */

/* Begin XCConfigurationList section */
		61FC74CB25E3CB6E001E5B6F /* Build configuration list for PBXProject "Workouts" */ = {
			isa = XCConfigurationList;
			buildConfigurations = (
				61FC74DD25E3CB70001E5B6F /* Debug */,
				61FC74DE25E3CB70001E5B6F /* Release */,
			);
			defaultConfigurationIsVisible = 0;
			defaultConfigurationName = Release;
		};
		61FC74DF25E3CB70001E5B6F /* Build configuration list for PBXNativeTarget "Workouts" */ = {
			isa = XCConfigurationList;
			buildConfigurations = (
				61FC74E025E3CB70001E5B6F /* Debug */,
				61FC74E125E3CB70001E5B6F /* Release */,
			);
			defaultConfigurationIsVisible = 0;
			defaultConfigurationName = Release;
		};
/* End XCConfigurationList section */

/* Begin XCRemoteSwiftPackageReference section */
		6106CB7926F16F5400A041A5 /* XCRemoteSwiftPackageReference "Moya" */ = {
			isa = XCRemoteSwiftPackageReference;
			repositoryURL = "https://github.com/Moya/Moya.git";
			requirement = {
				kind = upToNextMajorVersion;
				minimumVersion = 15.0.0;
			};
		};
		6106CB7F26F16FF100A041A5 /* XCRemoteSwiftPackageReference "firebase-ios-sdk" */ = {
			isa = XCRemoteSwiftPackageReference;
			repositoryURL = "https://github.com/firebase/firebase-ios-sdk.git";
			requirement = {
				kind = upToNextMajorVersion;
				minimumVersion = 8.7.0;
			};
		};
/* End XCRemoteSwiftPackageReference section */

/* Begin XCSwiftPackageProductDependency section */
		6106CB7A26F16F5400A041A5 /* Moya */ = {
			isa = XCSwiftPackageProductDependency;
			package = 6106CB7926F16F5400A041A5 /* XCRemoteSwiftPackageReference "Moya" */;
			productName = Moya;
		};
		6106CB8026F16FF100A041A5 /* FirebaseAnalytics */ = {
			isa = XCSwiftPackageProductDependency;
			package = 6106CB7F26F16FF100A041A5 /* XCRemoteSwiftPackageReference "firebase-ios-sdk" */;
			productName = FirebaseAnalytics;
		};
		613349B126F7496F005C98F0 /* Modules */ = {
			isa = XCSwiftPackageProductDependency;
			productName = Modules;
		};
/* End XCSwiftPackageProductDependency section */
	};
	rootObject = 61FC74C825E3CB6E001E5B6F /* Project object */;
}
